// !$*UTF8*$!
{
	archiveVersion = 1;
	classes = {
	};
	objectVersion = 50;
	objects = {

/* Begin PBXBuildFile section */
		F35FCD71238E9E1E00E0026B /* BaseView.swift in Sources */ = {isa = PBXBuildFile; fileRef = F35FCD70238E9E1E00E0026B /* BaseView.swift */; };
		F35FCD73238E9E9C00E0026B /* BaseViewController.swift in Sources */ = {isa = PBXBuildFile; fileRef = F35FCD72238E9E9C00E0026B /* BaseViewController.swift */; };
		F35FCD75238EA1AB00E0026B /* ChannelsViewController.swift in Sources */ = {isa = PBXBuildFile; fileRef = F35FCD74238EA1AB00E0026B /* ChannelsViewController.swift */; };
		F35FCD77238EA21000E0026B /* ChannelsView.swift in Sources */ = {isa = PBXBuildFile; fileRef = F35FCD76238EA21000E0026B /* ChannelsView.swift */; };
		F3D053F9238D7194001CCB4B /* AppDelegate.swift in Sources */ = {isa = PBXBuildFile; fileRef = F3D053F8238D7194001CCB4B /* AppDelegate.swift */; };
		F3D05402238D7196001CCB4B /* Assets.xcassets in Resources */ = {isa = PBXBuildFile; fileRef = F3D05401238D7196001CCB4B /* Assets.xcassets */; };
		F3D05405238D7196001CCB4B /* LaunchScreen.storyboard in Resources */ = {isa = PBXBuildFile; fileRef = F3D05403238D7196001CCB4B /* LaunchScreen.storyboard */; };
/* End PBXBuildFile section */

/* Begin PBXFileReference section */
		F35FCD70238E9E1E00E0026B /* BaseView.swift */ = {isa = PBXFileReference; lastKnownFileType = sourcecode.swift; path = BaseView.swift; sourceTree = "<group>"; };
		F35FCD72238E9E9C00E0026B /* BaseViewController.swift */ = {isa = PBXFileReference; lastKnownFileType = sourcecode.swift; path = BaseViewController.swift; sourceTree = "<group>"; };
		F35FCD74238EA1AB00E0026B /* ChannelsViewController.swift */ = {isa = PBXFileReference; lastKnownFileType = sourcecode.swift; path = ChannelsViewController.swift; sourceTree = "<group>"; };
		F35FCD76238EA21000E0026B /* ChannelsView.swift */ = {isa = PBXFileReference; lastKnownFileType = sourcecode.swift; path = ChannelsView.swift; sourceTree = "<group>"; };
		F3D053F5238D7194001CCB4B /* CnnRssFeed.app */ = {isa = PBXFileReference; explicitFileType = wrapper.application; includeInIndex = 0; path = CnnRssFeed.app; sourceTree = BUILT_PRODUCTS_DIR; };
		F3D053F8238D7194001CCB4B /* AppDelegate.swift */ = {isa = PBXFileReference; lastKnownFileType = sourcecode.swift; path = AppDelegate.swift; sourceTree = "<group>"; };
		F3D05401238D7196001CCB4B /* Assets.xcassets */ = {isa = PBXFileReference; lastKnownFileType = folder.assetcatalog; path = Assets.xcassets; sourceTree = "<group>"; };
		F3D05404238D7196001CCB4B /* Base */ = {isa = PBXFileReference; lastKnownFileType = file.storyboard; name = Base; path = Base.lproj/LaunchScreen.storyboard; sourceTree = "<group>"; };
		F3D05406238D7196001CCB4B /* Info.plist */ = {isa = PBXFileReference; lastKnownFileType = text.plist.xml; path = Info.plist; sourceTree = "<group>"; };
/* End PBXFileReference section */

/* Begin PBXFrameworksBuildPhase section */
		F3D053F2238D7194001CCB4B /* Frameworks */ = {
			isa = PBXFrameworksBuildPhase;
			buildActionMask = 2147483647;
			files = (
			);
			runOnlyForDeploymentPostprocessing = 0;
		};
/* End PBXFrameworksBuildPhase section */

/* Begin PBXGroup section */
		F35FCD6C238E989F00E0026B /* SupportingFiles */ = {
			isa = PBXGroup;
			children = (
				F3D05406238D7196001CCB4B /* Info.plist */,
				F3D05403238D7196001CCB4B /* LaunchScreen.storyboard */,
				F3D05401238D7196001CCB4B /* Assets.xcassets */,
			);
			path = SupportingFiles;
			sourceTree = "<group>";
		};
		F35FCD6D238E9D8000E0026B /* UI */ = {
			isa = PBXGroup;
			children = (
				F35FCD70238E9E1E00E0026B /* BaseView.swift */,
				F35FCD72238E9E9C00E0026B /* BaseViewController.swift */,
				F35FCD6E238E9D8600E0026B /* Channels */,
			);
			path = UI;
			sourceTree = "<group>";
		};
		F35FCD6E238E9D8600E0026B /* Channels */ = {
			isa = PBXGroup;
			children = (
				F35FCD74238EA1AB00E0026B /* ChannelsViewController.swift */,
				F35FCD76238EA21000E0026B /* ChannelsView.swift */,
			);
			path = Channels;
			sourceTree = "<group>";
		};
		F3D053EC238D7194001CCB4B = {
			isa = PBXGroup;
			children = (
				F3D053F7238D7194001CCB4B /* CnnRssFeed */,
				F3D053F6238D7194001CCB4B /* Products */,
			);
			sourceTree = "<group>";
		};
		F3D053F6238D7194001CCB4B /* Products */ = {
			isa = PBXGroup;
			children = (
				F3D053F5238D7194001CCB4B /* CnnRssFeed.app */,
			);
			name = Products;
			sourceTree = "<group>";
		};
		F3D053F7238D7194001CCB4B /* CnnRssFeed */ = {
			isa = PBXGroup;
			children = (
				F3D053F8238D7194001CCB4B /* AppDelegate.swift */,
				F35FCD6D238E9D8000E0026B /* UI */,
				F35FCD6C238E989F00E0026B /* SupportingFiles */,
			);
			path = CnnRssFeed;
			sourceTree = "<group>";
		};
/* End PBXGroup section */

/* Begin PBXNativeTarget section */
		F3D053F4238D7194001CCB4B /* CnnRssFeed */ = {
			isa = PBXNativeTarget;
			buildConfigurationList = F3D05409238D7196001CCB4B /* Build configuration list for PBXNativeTarget "CnnRssFeed" */;
			buildPhases = (
				F3D053F1238D7194001CCB4B /* Sources */,
				F3D053F2238D7194001CCB4B /* Frameworks */,
				F3D053F3238D7194001CCB4B /* Resources */,
			);
			buildRules = (
			);
			dependencies = (
			);
			name = CnnRssFeed;
			productName = CnnRssFeed;
			productReference = F3D053F5238D7194001CCB4B /* CnnRssFeed.app */;
			productType = "com.apple.product-type.application";
		};
/* End PBXNativeTarget section */

/* Begin PBXProject section */
		F3D053ED238D7194001CCB4B /* Project object */ = {
			isa = PBXProject;
			attributes = {
				LastSwiftUpdateCheck = 1120;
				LastUpgradeCheck = 1120;
				ORGANIZATIONNAME = "Pavel N";
				TargetAttributes = {
					F3D053F4238D7194001CCB4B = {
						CreatedOnToolsVersion = 11.2.1;
					};
				};
			};
			buildConfigurationList = F3D053F0238D7194001CCB4B /* Build configuration list for PBXProject "CnnRssFeed" */;
			compatibilityVersion = "Xcode 9.3";
			developmentRegion = en;
			hasScannedForEncodings = 0;
			knownRegions = (
				en,
				Base,
			);
			mainGroup = F3D053EC238D7194001CCB4B;
			productRefGroup = F3D053F6238D7194001CCB4B /* Products */;
			projectDirPath = "";
			projectRoot = "";
			targets = (
				F3D053F4238D7194001CCB4B /* CnnRssFeed */,
			);
		};
/* End PBXProject section */

/* Begin PBXResourcesBuildPhase section */
		F3D053F3238D7194001CCB4B /* Resources */ = {
			isa = PBXResourcesBuildPhase;
			buildActionMask = 2147483647;
			files = (
				F3D05405238D7196001CCB4B /* LaunchScreen.storyboard in Resources */,
				F3D05402238D7196001CCB4B /* Assets.xcassets in Resources */,
			);
			runOnlyForDeploymentPostprocessing = 0;
		};
/* End PBXResourcesBuildPhase section */

/* Begin PBXSourcesBuildPhase section */
		F3D053F1238D7194001CCB4B /* Sources */ = {
			isa = PBXSourcesBuildPhase;
			buildActionMask = 2147483647;
			files = (
				F3D053F9238D7194001CCB4B /* AppDelegate.swift in Sources */,
				F35FCD71238E9E1E00E0026B /* BaseView.swift in Sources */,
				F35FCD77238EA21000E0026B /* ChannelsView.swift in Sources */,
				F35FCD75238EA1AB00E0026B /* ChannelsViewController.swift in Sources */,
				F35FCD73238E9E9C00E0026B /* BaseViewController.swift in Sources */,
			);
			runOnlyForDeploymentPostprocessing = 0;
		};
/* End PBXSourcesBuildPhase section */

/* Begin PBXVariantGroup section */
		F3D05403238D7196001CCB4B /* LaunchScreen.storyboard */ = {
			isa = PBXVariantGroup;
			children = (
				F3D05404238D7196001CCB4B /* Base */,
			);
			name = LaunchScreen.storyboard;
			sourceTree = "<group>";
		};
/* End PBXVariantGroup section */

/* Begin XCBuildConfiguration section */
		F3D05407238D7196001CCB4B /* Debug */ = {
			isa = XCBuildConfiguration;
			buildSettings = {
				ALWAYS_SEARCH_USER_PATHS = NO;
				CLANG_ANALYZER_NONNULL = YES;
				CLANG_ANALYZER_NUMBER_OBJECT_CONVERSION = YES_AGGRESSIVE;
				CLANG_CXX_LANGUAGE_STANDARD = "gnu++14";
				CLANG_CXX_LIBRARY = "libc++";
				CLANG_ENABLE_MODULES = YES;
				CLANG_ENABLE_OBJC_ARC = YES;
				CLANG_ENABLE_OBJC_WEAK = YES;
				CLANG_WARN_BLOCK_CAPTURE_AUTORELEASING = YES;
				CLANG_WARN_BOOL_CONVERSION = YES;
				CLANG_WARN_COMMA = YES;
				CLANG_WARN_CONSTANT_CONVERSION = YES;
				CLANG_WARN_DEPRECATED_OBJC_IMPLEMENTATIONS = YES;
				CLANG_WARN_DIRECT_OBJC_ISA_USAGE = YES_ERROR;
				CLANG_WARN_DOCUMENTATION_COMMENTS = YES;
				CLANG_WARN_EMPTY_BODY = YES;
				CLANG_WARN_ENUM_CONVERSION = YES;
				CLANG_WARN_INFINITE_RECURSION = YES;
				CLANG_WARN_INT_CONVERSION = YES;
				CLANG_WARN_NON_LITERAL_NULL_CONVERSION = YES;
				CLANG_WARN_OBJC_IMPLICIT_RETAIN_SELF = YES;
				CLANG_WARN_OBJC_LITERAL_CONVERSION = YES;
				CLANG_WARN_OBJC_ROOT_CLASS = YES_ERROR;
				CLANG_WARN_RANGE_LOOP_ANALYSIS = YES;
				CLANG_WARN_STRICT_PROTOTYPES = YES;
				CLANG_WARN_SUSPICIOUS_MOVE = YES;
				CLANG_WARN_UNGUARDED_AVAILABILITY = YES_AGGRESSIVE;
				CLANG_WARN_UNREACHABLE_CODE = YES;
				CLANG_WARN__DUPLICATE_METHOD_MATCH = YES;
				COPY_PHASE_STRIP = NO;
				DEBUG_INFORMATION_FORMAT = dwarf;
				ENABLE_STRICT_OBJC_MSGSEND = YES;
				ENABLE_TESTABILITY = YES;
				GCC_C_LANGUAGE_STANDARD = gnu11;
				GCC_DYNAMIC_NO_PIC = NO;
				GCC_NO_COMMON_BLOCKS = YES;
				GCC_OPTIMIZATION_LEVEL = 0;
				GCC_PREPROCESSOR_DEFINITIONS = (
					"DEBUG=1",
					"$(inherited)",
				);
				GCC_WARN_64_TO_32_BIT_CONVERSION = YES;
				GCC_WARN_ABOUT_RETURN_TYPE = YES_ERROR;
				GCC_WARN_UNDECLARED_SELECTOR = YES;
				GCC_WARN_UNINITIALIZED_AUTOS = YES_AGGRESSIVE;
				GCC_WARN_UNUSED_FUNCTION = YES;
				GCC_WARN_UNUSED_VARIABLE = YES;
				IPHONEOS_DEPLOYMENT_TARGET = 10.3;
				MTL_ENABLE_DEBUG_INFO = INCLUDE_SOURCE;
				MTL_FAST_MATH = YES;
				ONLY_ACTIVE_ARCH = YES;
				SDKROOT = iphoneos;
				SWIFT_ACTIVE_COMPILATION_CONDITIONS = DEBUG;
				SWIFT_OPTIMIZATION_LEVEL = "-Onone";
			};
			name = Debug;
		};
		F3D05408238D7196001CCB4B /* Release */ = {
			isa = XCBuildConfiguration;
			buildSettings = {
				ALWAYS_SEARCH_USER_PATHS = NO;
				CLANG_ANALYZER_NONNULL = YES;
				CLANG_ANALYZER_NUMBER_OBJECT_CONVERSION = YES_AGGRESSIVE;
				CLANG_CXX_LANGUAGE_STANDARD = "gnu++14";
				CLANG_CXX_LIBRARY = "libc++";
				CLANG_ENABLE_MODULES = YES;
				CLANG_ENABLE_OBJC_ARC = YES;
				CLANG_ENABLE_OBJC_WEAK = YES;
				CLANG_WARN_BLOCK_CAPTURE_AUTORELEASING = YES;
				CLANG_WARN_BOOL_CONVERSION = YES;
				CLANG_WARN_COMMA = YES;
				CLANG_WARN_CONSTANT_CONVERSION = YES;
				CLANG_WARN_DEPRECATED_OBJC_IMPLEMENTATIONS = YES;
				CLANG_WARN_DIRECT_OBJC_ISA_USAGE = YES_ERROR;
				CLANG_WARN_DOCUMENTATION_COMMENTS = YES;
				CLANG_WARN_EMPTY_BODY = YES;
				CLANG_WARN_ENUM_CONVERSION = YES;
				CLANG_WARN_INFINITE_RECURSION = YES;
				CLANG_WARN_INT_CONVERSION = YES;
				CLANG_WARN_NON_LITERAL_NULL_CONVERSION = YES;
				CLANG_WARN_OBJC_IMPLICIT_RETAIN_SELF = YES;
				CLANG_WARN_OBJC_LITERAL_CONVERSION = YES;
				CLANG_WARN_OBJC_ROOT_CLASS = YES_ERROR;
				CLANG_WARN_RANGE_LOOP_ANALYSIS = YES;
				CLANG_WARN_STRICT_PROTOTYPES = YES;
				CLANG_WARN_SUSPICIOUS_MOVE = YES;
				CLANG_WARN_UNGUARDED_AVAILABILITY = YES_AGGRESSIVE;
				CLANG_WARN_UNREACHABLE_CODE = YES;
				CLANG_WARN__DUPLICATE_METHOD_MATCH = YES;
				COPY_PHASE_STRIP = NO;
				DEBUG_INFORMATION_FORMAT = "dwarf-with-dsym";
				ENABLE_NS_ASSERTIONS = NO;
				ENABLE_STRICT_OBJC_MSGSEND = YES;
				GCC_C_LANGUAGE_STANDARD = gnu11;
				GCC_NO_COMMON_BLOCKS = YES;
				GCC_WARN_64_TO_32_BIT_CONVERSION = YES;
				GCC_WARN_ABOUT_RETURN_TYPE = YES_ERROR;
				GCC_WARN_UNDECLARED_SELECTOR = YES;
				GCC_WARN_UNINITIALIZED_AUTOS = YES_AGGRESSIVE;
				GCC_WARN_UNUSED_FUNCTION = YES;
				GCC_WARN_UNUSED_VARIABLE = YES;
				IPHONEOS_DEPLOYMENT_TARGET = 10.3;
				MTL_ENABLE_DEBUG_INFO = NO;
				MTL_FAST_MATH = YES;
				SDKROOT = iphoneos;
				SWIFT_COMPILATION_MODE = wholemodule;
				SWIFT_OPTIMIZATION_LEVEL = "-O";
				VALIDATE_PRODUCT = YES;
			};
			name = Release;
		};
		F3D0540A238D7196001CCB4B /* Debug */ = {
			isa = XCBuildConfiguration;
			buildSettings = {
				ASSETCATALOG_COMPILER_APPICON_NAME = AppIcon;
				CODE_SIGN_STYLE = Automatic;
				DEVELOPMENT_TEAM = 8C82H4XZR6;
				INFOPLIST_FILE = CnnRssFeed/SupportingFiles/Info.plist;
				IPHONEOS_DEPLOYMENT_TARGET = 10.3;
				LD_RUNPATH_SEARCH_PATHS = (
					"$(inherited)",
					"@executable_path/Frameworks",
				);
				PRODUCT_BUNDLE_IDENTIFIER = P.CnnRssFeed;
				PRODUCT_NAME = "$(TARGET_NAME)";
				SWIFT_VERSION = 5.0;
				TARGETED_DEVICE_FAMILY = "1,2";
			};
			name = Debug;
		};
		F3D0540B238D7196001CCB4B /* Release */ = {
			isa = XCBuildConfiguration;
			buildSettings = {
				ASSETCATALOG_COMPILER_APPICON_NAME = AppIcon;
				CODE_SIGN_STYLE = Automatic;
				DEVELOPMENT_TEAM = 8C82H4XZR6;
				INFOPLIST_FILE = CnnRssFeed/SupportingFiles/Info.plist;
				IPHONEOS_DEPLOYMENT_TARGET = 10.3;
				LD_RUNPATH_SEARCH_PATHS = (
					"$(inherited)",
					"@executable_path/Frameworks",
				);
				PRODUCT_BUNDLE_IDENTIFIER = P.CnnRssFeed;
				PRODUCT_NAME = "$(TARGET_NAME)";
				SWIFT_VERSION = 5.0;
				TARGETED_DEVICE_FAMILY = "1,2";
			};
			name = Release;
		};
/* End XCBuildConfiguration section */

/* Begin XCConfigurationList section */
		F3D053F0238D7194001CCB4B /* Build configuration list for PBXProject "CnnRssFeed" */ = {
			isa = XCConfigurationList;
			buildConfigurations = (
				F3D05407238D7196001CCB4B /* Debug */,
				F3D05408238D7196001CCB4B /* Release */,
			);
			defaultConfigurationIsVisible = 0;
			defaultConfigurationName = Release;
		};
		F3D05409238D7196001CCB4B /* Build configuration list for PBXNativeTarget "CnnRssFeed" */ = {
			isa = XCConfigurationList;
			buildConfigurations = (
				F3D0540A238D7196001CCB4B /* Debug */,
				F3D0540B238D7196001CCB4B /* Release */,
			);
			defaultConfigurationIsVisible = 0;
			defaultConfigurationName = Release;
		};
/* End XCConfigurationList section */
	};
	rootObject = F3D053ED238D7194001CCB4B /* Project object */;
}
