// !$*UTF8*$!
{
	archiveVersion = 1;
	classes = {
	};
	objectVersion = 51;
	objects = {

/* Begin PBXBuildFile section */
		3551176DCCC3535EBC2696FE /* Pods_CnnRssFeed.framework in Frameworks */ = {isa = PBXBuildFile; fileRef = 6CEE2691DB10C39AC3B4F127 /* Pods_CnnRssFeed.framework */; };
		F31B5A382390636800C626A1 /* BaseDBOperation.swift in Sources */ = {isa = PBXBuildFile; fileRef = F31B5A342390636800C626A1 /* BaseDBOperation.swift */; };
		F31B5A392390636800C626A1 /* AsyncOperation.swift in Sources */ = {isa = PBXBuildFile; fileRef = F31B5A352390636800C626A1 /* AsyncOperation.swift */; };
		F31B5A3A2390636800C626A1 /* BaseBackendOperation.swift in Sources */ = {isa = PBXBuildFile; fileRef = F31B5A372390636800C626A1 /* BaseBackendOperation.swift */; };
		F31B5A41239063AA00C626A1 /* UIViewControllerExtention.swift in Sources */ = {isa = PBXBuildFile; fileRef = F31B5A3C239063AA00C626A1 /* UIViewControllerExtention.swift */; };
		F31B5A44239063AA00C626A1 /* UITableViewCell.swift in Sources */ = {isa = PBXBuildFile; fileRef = F31B5A3F239063AA00C626A1 /* UITableViewCell.swift */; };
		F350661B239536D500423C6B /* GetNewsAsyncOperation.swift in Sources */ = {isa = PBXBuildFile; fileRef = F350661A239536D500423C6B /* GetNewsAsyncOperation.swift */; };
		F350661D2395378200423C6B /* LoadNewsBackendOperation.swift in Sources */ = {isa = PBXBuildFile; fileRef = F350661C2395378200423C6B /* LoadNewsBackendOperation.swift */; };
		F35066212395491000423C6B /* NewsFeedItemModel.swift in Sources */ = {isa = PBXBuildFile; fileRef = F35066202395491000423C6B /* NewsFeedItemModel.swift */; };
		F350662423954AB100423C6B /* NewsFeedTableViewCell.swift in Sources */ = {isa = PBXBuildFile; fileRef = F350662323954AB100423C6B /* NewsFeedTableViewCell.swift */; };
		F35066282396A01300423C6B /* UIImageView.swift in Sources */ = {isa = PBXBuildFile; fileRef = F35066272396A01300423C6B /* UIImageView.swift */; };
		F35066482396A82A00423C6B /* NewsDetailsContracts.swift in Sources */ = {isa = PBXBuildFile; fileRef = F35066422396A82900423C6B /* NewsDetailsContracts.swift */; };
		F35066492396A82A00423C6B /* NewsDetailsPresenter.swift in Sources */ = {isa = PBXBuildFile; fileRef = F35066432396A82A00423C6B /* NewsDetailsPresenter.swift */; };
		F350664A2396A82A00423C6B /* NewsDetailsRouter.swift in Sources */ = {isa = PBXBuildFile; fileRef = F35066442396A82A00423C6B /* NewsDetailsRouter.swift */; };
		F350664C2396A82A00423C6B /* NewsDetailsBuilder.swift in Sources */ = {isa = PBXBuildFile; fileRef = F35066462396A82A00423C6B /* NewsDetailsBuilder.swift */; };
		F350664D2396A82A00423C6B /* NewsDetailsInteractor.swift in Sources */ = {isa = PBXBuildFile; fileRef = F35066472396A82A00423C6B /* NewsDetailsInteractor.swift */; };
		F350664F2396A8BB00423C6B /* NewsDetailsViewController.swift in Sources */ = {isa = PBXBuildFile; fileRef = F350664E2396A8BB00423C6B /* NewsDetailsViewController.swift */; };
		F35066512396A91600423C6B /* NewsDetailsView.swift in Sources */ = {isa = PBXBuildFile; fileRef = F35066502396A91600423C6B /* NewsDetailsView.swift */; };
		F352D06E239A692200DEC00A /* CGSizeExtention.swift in Sources */ = {isa = PBXBuildFile; fileRef = F352D06D239A692200DEC00A /* CGSizeExtention.swift */; };
		F35FCD71238E9E1E00E0026B /* BaseView.swift in Sources */ = {isa = PBXBuildFile; fileRef = F35FCD70238E9E1E00E0026B /* BaseView.swift */; };
		F35FCD73238E9E9C00E0026B /* BaseViewController.swift in Sources */ = {isa = PBXBuildFile; fileRef = F35FCD72238E9E9C00E0026B /* BaseViewController.swift */; };
		F35FCD77238EA21000E0026B /* ChannelsView.swift in Sources */ = {isa = PBXBuildFile; fileRef = F35FCD76238EA21000E0026B /* ChannelsView.swift */; };
		F37630D623914F7D00B704BA /* ChannelsPresenter.swift in Sources */ = {isa = PBXBuildFile; fileRef = F37630D023914F7D00B704BA /* ChannelsPresenter.swift */; };
		F37630D723914F7D00B704BA /* ChannelsRouter.swift in Sources */ = {isa = PBXBuildFile; fileRef = F37630D123914F7D00B704BA /* ChannelsRouter.swift */; };
		F37630D823914F7D00B704BA /* ChannelsContracts.swift in Sources */ = {isa = PBXBuildFile; fileRef = F37630D223914F7D00B704BA /* ChannelsContracts.swift */; };
		F37630D923914F7D00B704BA /* ChannelsBuilder.swift in Sources */ = {isa = PBXBuildFile; fileRef = F37630D323914F7D00B704BA /* ChannelsBuilder.swift */; };
		F37630DA23914F7D00B704BA /* ChannelsInteractor.swift in Sources */ = {isa = PBXBuildFile; fileRef = F37630D423914F7D00B704BA /* ChannelsInteractor.swift */; };
		F37630DB23914F7D00B704BA /* ChannelsView.Controller.swift in Sources */ = {isa = PBXBuildFile; fileRef = F37630D523914F7D00B704BA /* ChannelsView.Controller.swift */; };
		F3ACDFD723A117BD00DC4125 /* libsqlite3.tbd in Frameworks */ = {isa = PBXBuildFile; fileRef = F3ACDFD623A117A900DC4125 /* libsqlite3.tbd */; };
		F3B974902391BBDE00CA993F /* ChannelsModel.swift in Sources */ = {isa = PBXBuildFile; fileRef = F3B9748F2391BBDE00CA993F /* ChannelsModel.swift */; };
		F3CE3B2A239271B2004E9038 /* ChannelsTableViewCell.swift in Sources */ = {isa = PBXBuildFile; fileRef = F3CE3B29239271B2004E9038 /* ChannelsTableViewCell.swift */; };
		F3CE3B322392D017004E9038 /* NewsFeedPresenter.swift in Sources */ = {isa = PBXBuildFile; fileRef = F3CE3B2C2392D017004E9038 /* NewsFeedPresenter.swift */; };
		F3CE3B332392D017004E9038 /* NewsFeedRouter.swift in Sources */ = {isa = PBXBuildFile; fileRef = F3CE3B2D2392D017004E9038 /* NewsFeedRouter.swift */; };
		F3CE3B342392D017004E9038 /* NewsFeedContracts.swift in Sources */ = {isa = PBXBuildFile; fileRef = F3CE3B2E2392D017004E9038 /* NewsFeedContracts.swift */; };
		F3CE3B352392D017004E9038 /* NewsFeedBuilder.swift in Sources */ = {isa = PBXBuildFile; fileRef = F3CE3B2F2392D017004E9038 /* NewsFeedBuilder.swift */; };
		F3CE3B362392D017004E9038 /* NewsFeedInteractor.swift in Sources */ = {isa = PBXBuildFile; fileRef = F3CE3B302392D017004E9038 /* NewsFeedInteractor.swift */; };
		F3CE3B372392D017004E9038 /* NewsFeedViewController.swift in Sources */ = {isa = PBXBuildFile; fileRef = F3CE3B312392D017004E9038 /* NewsFeedViewController.swift */; };
		F3CE3B392392D070004E9038 /* NewsFeedView.swift in Sources */ = {isa = PBXBuildFile; fileRef = F3CE3B382392D070004E9038 /* NewsFeedView.swift */; };
		F3D053F9238D7194001CCB4B /* AppDelegate.swift in Sources */ = {isa = PBXBuildFile; fileRef = F3D053F8238D7194001CCB4B /* AppDelegate.swift */; };
		F3D05402238D7196001CCB4B /* Assets.xcassets in Resources */ = {isa = PBXBuildFile; fileRef = F3D05401238D7196001CCB4B /* Assets.xcassets */; };
		F3D05405238D7196001CCB4B /* LaunchScreen.storyboard in Resources */ = {isa = PBXBuildFile; fileRef = F3D05403238D7196001CCB4B /* LaunchScreen.storyboard */; };
		F3D40280239C15920072BB7C /* StringExtention.swift in Sources */ = {isa = PBXBuildFile; fileRef = F3D4027F239C15910072BB7C /* StringExtention.swift */; };
		F3D40283239D745B0072BB7C /* UIImageExtention.swift in Sources */ = {isa = PBXBuildFile; fileRef = F3D40282239D745B0072BB7C /* UIImageExtention.swift */; };
		F3D4028A239D8FA40072BB7C /* NewsWebViewPresenter.swift in Sources */ = {isa = PBXBuildFile; fileRef = F3D40284239D8FA40072BB7C /* NewsWebViewPresenter.swift */; };
		F3D4028B239D8FA40072BB7C /* NewsWebViewRouter.swift in Sources */ = {isa = PBXBuildFile; fileRef = F3D40285239D8FA40072BB7C /* NewsWebViewRouter.swift */; };
		F3D4028C239D8FA40072BB7C /* NewsWebViewContracts.swift in Sources */ = {isa = PBXBuildFile; fileRef = F3D40286239D8FA40072BB7C /* NewsWebViewContracts.swift */; };
		F3D4028D239D8FA40072BB7C /* NewsWebViewBuilder.swift in Sources */ = {isa = PBXBuildFile; fileRef = F3D40287239D8FA40072BB7C /* NewsWebViewBuilder.swift */; };
		F3D4028E239D8FA40072BB7C /* NewsWebViewInteractor.swift in Sources */ = {isa = PBXBuildFile; fileRef = F3D40288239D8FA40072BB7C /* NewsWebViewInteractor.swift */; };
		F3D4028F239D8FA40072BB7C /* NewsWebViewView.swift in Sources */ = {isa = PBXBuildFile; fileRef = F3D40289239D8FA40072BB7C /* NewsWebViewView.swift */; };
		F3F41D6623A15D55009D268F /* NSDateExtension.swift in Sources */ = {isa = PBXBuildFile; fileRef = F3F41D6523A15D55009D268F /* NSDateExtension.swift */; };
		F3F41D6923A16A58009D268F /* NewsModel.xcdatamodeld in Sources */ = {isa = PBXBuildFile; fileRef = F3F41D6723A16A58009D268F /* NewsModel.xcdatamodeld */; };
/* End PBXBuildFile section */

/* Begin PBXFileReference section */
		0FD1160C9F6AEB883B7B432E /* Pods-CnnRssFeed.release.xcconfig */ = {isa = PBXFileReference; includeInIndex = 1; lastKnownFileType = text.xcconfig; name = "Pods-CnnRssFeed.release.xcconfig"; path = "Target Support Files/Pods-CnnRssFeed/Pods-CnnRssFeed.release.xcconfig"; sourceTree = "<group>"; };
		6CEE2691DB10C39AC3B4F127 /* Pods_CnnRssFeed.framework */ = {isa = PBXFileReference; explicitFileType = wrapper.framework; includeInIndex = 0; path = Pods_CnnRssFeed.framework; sourceTree = BUILT_PRODUCTS_DIR; };
		82C6A7D27FCE84D4B426B9F0 /* Pods-CnnRssFeed.debug.xcconfig */ = {isa = PBXFileReference; includeInIndex = 1; lastKnownFileType = text.xcconfig; name = "Pods-CnnRssFeed.debug.xcconfig"; path = "Target Support Files/Pods-CnnRssFeed/Pods-CnnRssFeed.debug.xcconfig"; sourceTree = "<group>"; };
		F31B5A342390636800C626A1 /* BaseDBOperation.swift */ = {isa = PBXFileReference; fileEncoding = 4; lastKnownFileType = sourcecode.swift; path = BaseDBOperation.swift; sourceTree = "<group>"; };
		F31B5A352390636800C626A1 /* AsyncOperation.swift */ = {isa = PBXFileReference; fileEncoding = 4; lastKnownFileType = sourcecode.swift; path = AsyncOperation.swift; sourceTree = "<group>"; };
		F31B5A372390636800C626A1 /* BaseBackendOperation.swift */ = {isa = PBXFileReference; fileEncoding = 4; lastKnownFileType = sourcecode.swift; path = BaseBackendOperation.swift; sourceTree = "<group>"; };
		F31B5A3C239063AA00C626A1 /* UIViewControllerExtention.swift */ = {isa = PBXFileReference; fileEncoding = 4; lastKnownFileType = sourcecode.swift; path = UIViewControllerExtention.swift; sourceTree = "<group>"; };
		F31B5A3F239063AA00C626A1 /* UITableViewCell.swift */ = {isa = PBXFileReference; fileEncoding = 4; lastKnownFileType = sourcecode.swift; path = UITableViewCell.swift; sourceTree = "<group>"; };
		F350661A239536D500423C6B /* GetNewsAsyncOperation.swift */ = {isa = PBXFileReference; lastKnownFileType = sourcecode.swift; path = GetNewsAsyncOperation.swift; sourceTree = "<group>"; };
		F350661C2395378200423C6B /* LoadNewsBackendOperation.swift */ = {isa = PBXFileReference; lastKnownFileType = sourcecode.swift; path = LoadNewsBackendOperation.swift; sourceTree = "<group>"; };
		F35066202395491000423C6B /* NewsFeedItemModel.swift */ = {isa = PBXFileReference; lastKnownFileType = sourcecode.swift; path = NewsFeedItemModel.swift; sourceTree = "<group>"; };
		F350662323954AB100423C6B /* NewsFeedTableViewCell.swift */ = {isa = PBXFileReference; lastKnownFileType = sourcecode.swift; path = NewsFeedTableViewCell.swift; sourceTree = "<group>"; };
		F35066272396A01300423C6B /* UIImageView.swift */ = {isa = PBXFileReference; lastKnownFileType = sourcecode.swift; path = UIImageView.swift; sourceTree = "<group>"; };
		F35066422396A82900423C6B /* NewsDetailsContracts.swift */ = {isa = PBXFileReference; fileEncoding = 4; lastKnownFileType = sourcecode.swift; path = NewsDetailsContracts.swift; sourceTree = "<group>"; };
		F35066432396A82A00423C6B /* NewsDetailsPresenter.swift */ = {isa = PBXFileReference; fileEncoding = 4; lastKnownFileType = sourcecode.swift; path = NewsDetailsPresenter.swift; sourceTree = "<group>"; };
		F35066442396A82A00423C6B /* NewsDetailsRouter.swift */ = {isa = PBXFileReference; fileEncoding = 4; lastKnownFileType = sourcecode.swift; path = NewsDetailsRouter.swift; sourceTree = "<group>"; };
		F35066462396A82A00423C6B /* NewsDetailsBuilder.swift */ = {isa = PBXFileReference; fileEncoding = 4; lastKnownFileType = sourcecode.swift; path = NewsDetailsBuilder.swift; sourceTree = "<group>"; };
		F35066472396A82A00423C6B /* NewsDetailsInteractor.swift */ = {isa = PBXFileReference; fileEncoding = 4; lastKnownFileType = sourcecode.swift; path = NewsDetailsInteractor.swift; sourceTree = "<group>"; };
		F350664E2396A8BB00423C6B /* NewsDetailsViewController.swift */ = {isa = PBXFileReference; fileEncoding = 4; lastKnownFileType = sourcecode.swift; path = NewsDetailsViewController.swift; sourceTree = "<group>"; };
		F35066502396A91600423C6B /* NewsDetailsView.swift */ = {isa = PBXFileReference; lastKnownFileType = sourcecode.swift; path = NewsDetailsView.swift; sourceTree = "<group>"; };
		F352D06D239A692200DEC00A /* CGSizeExtention.swift */ = {isa = PBXFileReference; lastKnownFileType = sourcecode.swift; path = CGSizeExtention.swift; sourceTree = "<group>"; };
		F35FCD70238E9E1E00E0026B /* BaseView.swift */ = {isa = PBXFileReference; lastKnownFileType = sourcecode.swift; path = BaseView.swift; sourceTree = "<group>"; };
		F35FCD72238E9E9C00E0026B /* BaseViewController.swift */ = {isa = PBXFileReference; lastKnownFileType = sourcecode.swift; path = BaseViewController.swift; sourceTree = "<group>"; };
		F35FCD76238EA21000E0026B /* ChannelsView.swift */ = {isa = PBXFileReference; lastKnownFileType = sourcecode.swift; path = ChannelsView.swift; sourceTree = "<group>"; };
		F37630D023914F7D00B704BA /* ChannelsPresenter.swift */ = {isa = PBXFileReference; lastKnownFileType = sourcecode.swift; path = ChannelsPresenter.swift; sourceTree = "<group>"; };
		F37630D123914F7D00B704BA /* ChannelsRouter.swift */ = {isa = PBXFileReference; lastKnownFileType = sourcecode.swift; path = ChannelsRouter.swift; sourceTree = "<group>"; };
		F37630D223914F7D00B704BA /* ChannelsContracts.swift */ = {isa = PBXFileReference; lastKnownFileType = sourcecode.swift; path = ChannelsContracts.swift; sourceTree = "<group>"; };
		F37630D323914F7D00B704BA /* ChannelsBuilder.swift */ = {isa = PBXFileReference; lastKnownFileType = sourcecode.swift; path = ChannelsBuilder.swift; sourceTree = "<group>"; };
		F37630D423914F7D00B704BA /* ChannelsInteractor.swift */ = {isa = PBXFileReference; lastKnownFileType = sourcecode.swift; path = ChannelsInteractor.swift; sourceTree = "<group>"; };
		F37630D523914F7D00B704BA /* ChannelsView.Controller.swift */ = {isa = PBXFileReference; lastKnownFileType = sourcecode.swift; path = ChannelsView.Controller.swift; sourceTree = "<group>"; };
		F3ACDFD623A117A900DC4125 /* libsqlite3.tbd */ = {isa = PBXFileReference; lastKnownFileType = "sourcecode.text-based-dylib-definition"; name = libsqlite3.tbd; path = usr/lib/libsqlite3.tbd; sourceTree = SDKROOT; };
		F3B9748F2391BBDE00CA993F /* ChannelsModel.swift */ = {isa = PBXFileReference; lastKnownFileType = sourcecode.swift; path = ChannelsModel.swift; sourceTree = "<group>"; };
		F3CE3B29239271B2004E9038 /* ChannelsTableViewCell.swift */ = {isa = PBXFileReference; lastKnownFileType = sourcecode.swift; path = ChannelsTableViewCell.swift; sourceTree = "<group>"; };
		F3CE3B2C2392D017004E9038 /* NewsFeedPresenter.swift */ = {isa = PBXFileReference; lastKnownFileType = sourcecode.swift; path = NewsFeedPresenter.swift; sourceTree = "<group>"; };
		F3CE3B2D2392D017004E9038 /* NewsFeedRouter.swift */ = {isa = PBXFileReference; lastKnownFileType = sourcecode.swift; path = NewsFeedRouter.swift; sourceTree = "<group>"; };
		F3CE3B2E2392D017004E9038 /* NewsFeedContracts.swift */ = {isa = PBXFileReference; lastKnownFileType = sourcecode.swift; path = NewsFeedContracts.swift; sourceTree = "<group>"; };
		F3CE3B2F2392D017004E9038 /* NewsFeedBuilder.swift */ = {isa = PBXFileReference; lastKnownFileType = sourcecode.swift; path = NewsFeedBuilder.swift; sourceTree = "<group>"; };
		F3CE3B302392D017004E9038 /* NewsFeedInteractor.swift */ = {isa = PBXFileReference; lastKnownFileType = sourcecode.swift; path = NewsFeedInteractor.swift; sourceTree = "<group>"; };
		F3CE3B312392D017004E9038 /* NewsFeedViewController.swift */ = {isa = PBXFileReference; lastKnownFileType = sourcecode.swift; path = NewsFeedViewController.swift; sourceTree = "<group>"; };
		F3CE3B382392D070004E9038 /* NewsFeedView.swift */ = {isa = PBXFileReference; lastKnownFileType = sourcecode.swift; path = NewsFeedView.swift; sourceTree = "<group>"; };
		F3D053F5238D7194001CCB4B /* CnnRssFeed.app */ = {isa = PBXFileReference; explicitFileType = wrapper.application; includeInIndex = 0; path = CnnRssFeed.app; sourceTree = BUILT_PRODUCTS_DIR; };
		F3D053F8238D7194001CCB4B /* AppDelegate.swift */ = {isa = PBXFileReference; lastKnownFileType = sourcecode.swift; path = AppDelegate.swift; sourceTree = "<group>"; };
		F3D05401238D7196001CCB4B /* Assets.xcassets */ = {isa = PBXFileReference; lastKnownFileType = folder.assetcatalog; path = Assets.xcassets; sourceTree = "<group>"; };
		F3D05404238D7196001CCB4B /* Base */ = {isa = PBXFileReference; lastKnownFileType = file.storyboard; name = Base; path = Base.lproj/LaunchScreen.storyboard; sourceTree = "<group>"; };
		F3D05406238D7196001CCB4B /* Info.plist */ = {isa = PBXFileReference; lastKnownFileType = text.plist.xml; path = Info.plist; sourceTree = "<group>"; };
		F3D4027F239C15910072BB7C /* StringExtention.swift */ = {isa = PBXFileReference; lastKnownFileType = sourcecode.swift; path = StringExtention.swift; sourceTree = "<group>"; };
		F3D40282239D745B0072BB7C /* UIImageExtention.swift */ = {isa = PBXFileReference; lastKnownFileType = sourcecode.swift; path = UIImageExtention.swift; sourceTree = "<group>"; };
		F3D40284239D8FA40072BB7C /* NewsWebViewPresenter.swift */ = {isa = PBXFileReference; lastKnownFileType = sourcecode.swift; path = NewsWebViewPresenter.swift; sourceTree = "<group>"; };
		F3D40285239D8FA40072BB7C /* NewsWebViewRouter.swift */ = {isa = PBXFileReference; lastKnownFileType = sourcecode.swift; path = NewsWebViewRouter.swift; sourceTree = "<group>"; };
		F3D40286239D8FA40072BB7C /* NewsWebViewContracts.swift */ = {isa = PBXFileReference; lastKnownFileType = sourcecode.swift; path = NewsWebViewContracts.swift; sourceTree = "<group>"; };
		F3D40287239D8FA40072BB7C /* NewsWebViewBuilder.swift */ = {isa = PBXFileReference; lastKnownFileType = sourcecode.swift; path = NewsWebViewBuilder.swift; sourceTree = "<group>"; };
		F3D40288239D8FA40072BB7C /* NewsWebViewInteractor.swift */ = {isa = PBXFileReference; lastKnownFileType = sourcecode.swift; path = NewsWebViewInteractor.swift; sourceTree = "<group>"; };
		F3D40289239D8FA40072BB7C /* NewsWebViewView.swift */ = {isa = PBXFileReference; lastKnownFileType = sourcecode.swift; path = NewsWebViewView.swift; sourceTree = "<group>"; };
		F3F41D6523A15D55009D268F /* NSDateExtension.swift */ = {isa = PBXFileReference; fileEncoding = 4; lastKnownFileType = sourcecode.swift; name = NSDateExtension.swift; path = "../../../../ios-swift-components/Extentions/NSDateExtension.swift"; sourceTree = "<group>"; };
		F3F41D6823A16A58009D268F /* NewsModel.xcdatamodel */ = {isa = PBXFileReference; lastKnownFileType = wrapper.xcdatamodel; path = NewsModel.xcdatamodel; sourceTree = "<group>"; };
/* End PBXFileReference section */

/* Begin PBXFrameworksBuildPhase section */
		F3D053F2238D7194001CCB4B /* Frameworks */ = {
			isa = PBXFrameworksBuildPhase;
			buildActionMask = 2147483647;
			files = (
				F3ACDFD723A117BD00DC4125 /* libsqlite3.tbd in Frameworks */,
				3551176DCCC3535EBC2696FE /* Pods_CnnRssFeed.framework in Frameworks */,
			);
			runOnlyForDeploymentPostprocessing = 0;
		};
/* End PBXFrameworksBuildPhase section */

/* Begin PBXGroup section */
		7D4A698D7B02DABCA4703A0C /* Frameworks */ = {
			isa = PBXGroup;
			children = (
				F3ACDFD623A117A900DC4125 /* libsqlite3.tbd */,
				6CEE2691DB10C39AC3B4F127 /* Pods_CnnRssFeed.framework */,
			);
			name = Frameworks;
			sourceTree = "<group>";
		};
		D4DE6DF2BB23590C4D4D008F /* Pods */ = {
			isa = PBXGroup;
			children = (
				82C6A7D27FCE84D4B426B9F0 /* Pods-CnnRssFeed.debug.xcconfig */,
				0FD1160C9F6AEB883B7B432E /* Pods-CnnRssFeed.release.xcconfig */,
			);
			path = Pods;
			sourceTree = "<group>";
		};
		F31B5A2823905C9D00C626A1 /* Services */ = {
			isa = PBXGroup;
			children = (
				F31B5A322390636800C626A1 /* Operations */,
			);
			path = Services;
			sourceTree = "<group>";
		};
		F31B5A322390636800C626A1 /* Operations */ = {
			isa = PBXGroup;
			children = (
				F31B5A332390636800C626A1 /* BaseDBOperation */,
				F31B5A362390636800C626A1 /* BackendOpertations */,
				F31B5A352390636800C626A1 /* AsyncOperation.swift */,
				F350661A239536D500423C6B /* GetNewsAsyncOperation.swift */,
			);
			path = Operations;
			sourceTree = "<group>";
		};
		F31B5A332390636800C626A1 /* BaseDBOperation */ = {
			isa = PBXGroup;
			children = (
				F31B5A342390636800C626A1 /* BaseDBOperation.swift */,
			);
			path = BaseDBOperation;
			sourceTree = "<group>";
		};
		F31B5A362390636800C626A1 /* BackendOpertations */ = {
			isa = PBXGroup;
			children = (
				F31B5A372390636800C626A1 /* BaseBackendOperation.swift */,
				F350661C2395378200423C6B /* LoadNewsBackendOperation.swift */,
			);
			path = BackendOpertations;
			sourceTree = "<group>";
		};
		F31B5A3B239063AA00C626A1 /* Extentions */ = {
			isa = PBXGroup;
			children = (
				F3F41D6523A15D55009D268F /* NSDateExtension.swift */,
				F31B5A3C239063AA00C626A1 /* UIViewControllerExtention.swift */,
				F31B5A3F239063AA00C626A1 /* UITableViewCell.swift */,
				F35066272396A01300423C6B /* UIImageView.swift */,
				F352D06D239A692200DEC00A /* CGSizeExtention.swift */,
				F3D4027F239C15910072BB7C /* StringExtention.swift */,
				F3D40282239D745B0072BB7C /* UIImageExtention.swift */,
			);
			path = Extentions;
			sourceTree = "<group>";
		};
		F350662223954A8D00423C6B /* Cell */ = {
			isa = PBXGroup;
			children = (
				F350662323954AB100423C6B /* NewsFeedTableViewCell.swift */,
			);
			path = Cell;
			sourceTree = "<group>";
		};
		F35066412396A81100423C6B /* NewsDetails */ = {
			isa = PBXGroup;
			children = (
				F35066462396A82A00423C6B /* NewsDetailsBuilder.swift */,
				F35066422396A82900423C6B /* NewsDetailsContracts.swift */,
				F35066472396A82A00423C6B /* NewsDetailsInteractor.swift */,
				F35066432396A82A00423C6B /* NewsDetailsPresenter.swift */,
				F35066442396A82A00423C6B /* NewsDetailsRouter.swift */,
				F350664E2396A8BB00423C6B /* NewsDetailsViewController.swift */,
				F35066502396A91600423C6B /* NewsDetailsView.swift */,
			);
			path = NewsDetails;
			sourceTree = "<group>";
		};
		F35FCD6C238E989F00E0026B /* SupportingFiles */ = {
			isa = PBXGroup;
			children = (
				F3D05406238D7196001CCB4B /* Info.plist */,
				F3D05403238D7196001CCB4B /* LaunchScreen.storyboard */,
				F3D05401238D7196001CCB4B /* Assets.xcassets */,
			);
			path = SupportingFiles;
			sourceTree = "<group>";
		};
		F35FCD6D238E9D8000E0026B /* UI */ = {
			isa = PBXGroup;
			children = (
				F35FCD70238E9E1E00E0026B /* BaseView.swift */,
				F35FCD72238E9E9C00E0026B /* BaseViewController.swift */,
			);
			path = UI;
			sourceTree = "<group>";
		};
		F37630CF23914F6800B704BA /* Modules */ = {
			isa = PBXGroup;
			children = (
				F3D40281239C3D020072BB7C /* NewsWebView */,
				F35066412396A81100423C6B /* NewsDetails */,
				F3CE3B2B2392CFF6004E9038 /* NewsFeed */,
				F3B9748D2391922F00CA993F /* Channels */,
			);
			path = Modules;
			sourceTree = "<group>";
		};
		F3B9748D2391922F00CA993F /* Channels */ = {
			isa = PBXGroup;
			children = (
				F3CE3B2623927171004E9038 /* Cell */,
				F37630D023914F7D00B704BA /* ChannelsPresenter.swift */,
				F37630D123914F7D00B704BA /* ChannelsRouter.swift */,
				F37630D223914F7D00B704BA /* ChannelsContracts.swift */,
				F37630D323914F7D00B704BA /* ChannelsBuilder.swift */,
				F37630D423914F7D00B704BA /* ChannelsInteractor.swift */,
				F37630D523914F7D00B704BA /* ChannelsView.Controller.swift */,
				F35FCD76238EA21000E0026B /* ChannelsView.swift */,
			);
			path = Channels;
			sourceTree = "<group>";
		};
		F3B9748E2391BBC900CA993F /* Models */ = {
			isa = PBXGroup;
			children = (
				F3B9748F2391BBDE00CA993F /* ChannelsModel.swift */,
				F35066202395491000423C6B /* NewsFeedItemModel.swift */,
				F3F41D6723A16A58009D268F /* NewsModel.xcdatamodeld */,
			);
			path = Models;
			sourceTree = "<group>";
		};
		F3CE3B2623927171004E9038 /* Cell */ = {
			isa = PBXGroup;
			children = (
				F3CE3B29239271B2004E9038 /* ChannelsTableViewCell.swift */,
			);
			path = Cell;
			sourceTree = "<group>";
		};
		F3CE3B2B2392CFF6004E9038 /* NewsFeed */ = {
			isa = PBXGroup;
			children = (
				F350662223954A8D00423C6B /* Cell */,
				F3CE3B2C2392D017004E9038 /* NewsFeedPresenter.swift */,
				F3CE3B2D2392D017004E9038 /* NewsFeedRouter.swift */,
				F3CE3B2E2392D017004E9038 /* NewsFeedContracts.swift */,
				F3CE3B2F2392D017004E9038 /* NewsFeedBuilder.swift */,
				F3CE3B302392D017004E9038 /* NewsFeedInteractor.swift */,
				F3CE3B312392D017004E9038 /* NewsFeedViewController.swift */,
				F3CE3B382392D070004E9038 /* NewsFeedView.swift */,
			);
			path = NewsFeed;
			sourceTree = "<group>";
		};
		F3D053EC238D7194001CCB4B = {
			isa = PBXGroup;
			children = (
				F3D053F7238D7194001CCB4B /* CnnRssFeed */,
				F3D053F6238D7194001CCB4B /* Products */,
				D4DE6DF2BB23590C4D4D008F /* Pods */,
				7D4A698D7B02DABCA4703A0C /* Frameworks */,
			);
			sourceTree = "<group>";
		};
		F3D053F6238D7194001CCB4B /* Products */ = {
			isa = PBXGroup;
			children = (
				F3D053F5238D7194001CCB4B /* CnnRssFeed.app */,
			);
			name = Products;
			sourceTree = "<group>";
		};
		F3D053F7238D7194001CCB4B /* CnnRssFeed */ = {
			isa = PBXGroup;
			children = (
				F3B9748E2391BBC900CA993F /* Models */,
				F3D053F8238D7194001CCB4B /* AppDelegate.swift */,
				F37630CF23914F6800B704BA /* Modules */,
				F35FCD6D238E9D8000E0026B /* UI */,
				F35FCD6C238E989F00E0026B /* SupportingFiles */,
				F31B5A3B239063AA00C626A1 /* Extentions */,
				F31B5A2823905C9D00C626A1 /* Services */,
			);
			path = CnnRssFeed;
			sourceTree = "<group>";
		};
		F3D40281239C3D020072BB7C /* NewsWebView */ = {
			isa = PBXGroup;
			children = (
				F3D40284239D8FA40072BB7C /* NewsWebViewPresenter.swift */,
				F3D40285239D8FA40072BB7C /* NewsWebViewRouter.swift */,
				F3D40286239D8FA40072BB7C /* NewsWebViewContracts.swift */,
				F3D40287239D8FA40072BB7C /* NewsWebViewBuilder.swift */,
				F3D40288239D8FA40072BB7C /* NewsWebViewInteractor.swift */,
				F3D40289239D8FA40072BB7C /* NewsWebViewView.swift */,
			);
			path = NewsWebView;
			sourceTree = "<group>";
		};
/* End PBXGroup section */

/* Begin PBXNativeTarget section */
		F3D053F4238D7194001CCB4B /* CnnRssFeed */ = {
			isa = PBXNativeTarget;
			buildConfigurationList = F3D05409238D7196001CCB4B /* Build configuration list for PBXNativeTarget "CnnRssFeed" */;
			buildPhases = (
				2C0471CCD4CBC0A02B14AA91 /* [CP] Check Pods Manifest.lock */,
				F3D053F1238D7194001CCB4B /* Sources */,
				F3D053F2238D7194001CCB4B /* Frameworks */,
				F3D053F3238D7194001CCB4B /* Resources */,
				67241CF1A2AE9DCF05924B3D /* [CP] Embed Pods Frameworks */,
			);
			buildRules = (
			);
			dependencies = (
			);
			name = CnnRssFeed;
			productName = CnnRssFeed;
			productReference = F3D053F5238D7194001CCB4B /* CnnRssFeed.app */;
			productType = "com.apple.product-type.application";
		};
/* End PBXNativeTarget section */

/* Begin PBXProject section */
		F3D053ED238D7194001CCB4B /* Project object */ = {
			isa = PBXProject;
			attributes = {
				LastSwiftUpdateCheck = 1120;
				LastUpgradeCheck = 1120;
				ORGANIZATIONNAME = "Pavel N";
				TargetAttributes = {
					F3D053F4238D7194001CCB4B = {
						CreatedOnToolsVersion = 11.2.1;
					};
				};
			};
			buildConfigurationList = F3D053F0238D7194001CCB4B /* Build configuration list for PBXProject "CnnRssFeed" */;
			compatibilityVersion = "Xcode 9.3";
			developmentRegion = en;
			hasScannedForEncodings = 0;
			knownRegions = (
				en,
				Base,
			);
			mainGroup = F3D053EC238D7194001CCB4B;
			productRefGroup = F3D053F6238D7194001CCB4B /* Products */;
			projectDirPath = "";
			projectRoot = "";
			targets = (
				F3D053F4238D7194001CCB4B /* CnnRssFeed */,
			);
		};
/* End PBXProject section */

/* Begin PBXResourcesBuildPhase section */
		F3D053F3238D7194001CCB4B /* Resources */ = {
			isa = PBXResourcesBuildPhase;
			buildActionMask = 2147483647;
			files = (
				F3D05405238D7196001CCB4B /* LaunchScreen.storyboard in Resources */,
				F3D05402238D7196001CCB4B /* Assets.xcassets in Resources */,
			);
			runOnlyForDeploymentPostprocessing = 0;
		};
/* End PBXResourcesBuildPhase section */

/* Begin PBXShellScriptBuildPhase section */
		2C0471CCD4CBC0A02B14AA91 /* [CP] Check Pods Manifest.lock */ = {
			isa = PBXShellScriptBuildPhase;
			buildActionMask = 2147483647;
			files = (
			);
			inputFileListPaths = (
			);
			inputPaths = (
				"${PODS_PODFILE_DIR_PATH}/Podfile.lock",
				"${PODS_ROOT}/Manifest.lock",
			);
			name = "[CP] Check Pods Manifest.lock";
			outputFileListPaths = (
			);
			outputPaths = (
				"$(DERIVED_FILE_DIR)/Pods-CnnRssFeed-checkManifestLockResult.txt",
			);
			runOnlyForDeploymentPostprocessing = 0;
			shellPath = /bin/sh;
			shellScript = "diff \"${PODS_PODFILE_DIR_PATH}/Podfile.lock\" \"${PODS_ROOT}/Manifest.lock\" > /dev/null\nif [ $? != 0 ] ; then\n    # print error to STDERR\n    echo \"error: The sandbox is not in sync with the Podfile.lock. Run 'pod install' or update your CocoaPods installation.\" >&2\n    exit 1\nfi\n# This output is used by Xcode 'outputs' to avoid re-running this script phase.\necho \"SUCCESS\" > \"${SCRIPT_OUTPUT_FILE_0}\"\n";
			showEnvVarsInLog = 0;
		};
		67241CF1A2AE9DCF05924B3D /* [CP] Embed Pods Frameworks */ = {
			isa = PBXShellScriptBuildPhase;
			buildActionMask = 2147483647;
			files = (
			);
			inputFileListPaths = (
				"${PODS_ROOT}/Target Support Files/Pods-CnnRssFeed/Pods-CnnRssFeed-frameworks-${CONFIGURATION}-input-files.xcfilelist",
			);
			name = "[CP] Embed Pods Frameworks";
			outputFileListPaths = (
				"${PODS_ROOT}/Target Support Files/Pods-CnnRssFeed/Pods-CnnRssFeed-frameworks-${CONFIGURATION}-output-files.xcfilelist",
			);
			runOnlyForDeploymentPostprocessing = 0;
			shellPath = /bin/sh;
			shellScript = "\"${PODS_ROOT}/Target Support Files/Pods-CnnRssFeed/Pods-CnnRssFeed-frameworks.sh\"\n";
			showEnvVarsInLog = 0;
		};
/* End PBXShellScriptBuildPhase section */

/* Begin PBXSourcesBuildPhase section */
		F3D053F1238D7194001CCB4B /* Sources */ = {
			isa = PBXSourcesBuildPhase;
			buildActionMask = 2147483647;
			files = (
				F37630D723914F7D00B704BA /* ChannelsRouter.swift in Sources */,
				F3D4028D239D8FA40072BB7C /* NewsWebViewBuilder.swift in Sources */,
				F3D40280239C15920072BB7C /* StringExtention.swift in Sources */,
				F350664F2396A8BB00423C6B /* NewsDetailsViewController.swift in Sources */,
				F3F41D6623A15D55009D268F /* NSDateExtension.swift in Sources */,
				F31B5A41239063AA00C626A1 /* UIViewControllerExtention.swift in Sources */,
				F350664D2396A82A00423C6B /* NewsDetailsInteractor.swift in Sources */,
				F3D40283239D745B0072BB7C /* UIImageExtention.swift in Sources */,
				F37630D823914F7D00B704BA /* ChannelsContracts.swift in Sources */,
				F35066282396A01300423C6B /* UIImageView.swift in Sources */,
				F350661D2395378200423C6B /* LoadNewsBackendOperation.swift in Sources */,
				F3CE3B352392D017004E9038 /* NewsFeedBuilder.swift in Sources */,
				F3D4028E239D8FA40072BB7C /* NewsWebViewInteractor.swift in Sources */,
				F3CE3B372392D017004E9038 /* NewsFeedViewController.swift in Sources */,
				F3CE3B322392D017004E9038 /* NewsFeedPresenter.swift in Sources */,
				F3CE3B2A239271B2004E9038 /* ChannelsTableViewCell.swift in Sources */,
				F3D053F9238D7194001CCB4B /* AppDelegate.swift in Sources */,
				F37630DB23914F7D00B704BA /* ChannelsView.Controller.swift in Sources */,
				F3F41D6923A16A58009D268F /* NewsModel.xcdatamodeld in Sources */,
				F3CE3B392392D070004E9038 /* NewsFeedView.swift in Sources */,
				F31B5A3A2390636800C626A1 /* BaseBackendOperation.swift in Sources */,
				F3CE3B342392D017004E9038 /* NewsFeedContracts.swift in Sources */,
				F350664C2396A82A00423C6B /* NewsDetailsBuilder.swift in Sources */,
				F3CE3B332392D017004E9038 /* NewsFeedRouter.swift in Sources */,
				F350662423954AB100423C6B /* NewsFeedTableViewCell.swift in Sources */,
				F35066492396A82A00423C6B /* NewsDetailsPresenter.swift in Sources */,
				F35066212395491000423C6B /* NewsFeedItemModel.swift in Sources */,
				F31B5A382390636800C626A1 /* BaseDBOperation.swift in Sources */,
				F31B5A44239063AA00C626A1 /* UITableViewCell.swift in Sources */,
				F35066482396A82A00423C6B /* NewsDetailsContracts.swift in Sources */,
				F35FCD71238E9E1E00E0026B /* BaseView.swift in Sources */,
				F352D06E239A692200DEC00A /* CGSizeExtention.swift in Sources */,
				F35FCD77238EA21000E0026B /* ChannelsView.swift in Sources */,
				F37630DA23914F7D00B704BA /* ChannelsInteractor.swift in Sources */,
				F3B974902391BBDE00CA993F /* ChannelsModel.swift in Sources */,
				F31B5A392390636800C626A1 /* AsyncOperation.swift in Sources */,
				F350664A2396A82A00423C6B /* NewsDetailsRouter.swift in Sources */,
				F3D4028B239D8FA40072BB7C /* NewsWebViewRouter.swift in Sources */,
				F35FCD73238E9E9C00E0026B /* BaseViewController.swift in Sources */,
				F3CE3B362392D017004E9038 /* NewsFeedInteractor.swift in Sources */,
				F3D4028C239D8FA40072BB7C /* NewsWebViewContracts.swift in Sources */,
				F3D4028A239D8FA40072BB7C /* NewsWebViewPresenter.swift in Sources */,
				F37630D623914F7D00B704BA /* ChannelsPresenter.swift in Sources */,
				F350661B239536D500423C6B /* GetNewsAsyncOperation.swift in Sources */,
				F3D4028F239D8FA40072BB7C /* NewsWebViewView.swift in Sources */,
				F35066512396A91600423C6B /* NewsDetailsView.swift in Sources */,
				F37630D923914F7D00B704BA /* ChannelsBuilder.swift in Sources */,
			);
			runOnlyForDeploymentPostprocessing = 0;
		};
/* End PBXSourcesBuildPhase section */

/* Begin PBXVariantGroup section */
		F3D05403238D7196001CCB4B /* LaunchScreen.storyboard */ = {
			isa = PBXVariantGroup;
			children = (
				F3D05404238D7196001CCB4B /* Base */,
			);
			name = LaunchScreen.storyboard;
			sourceTree = "<group>";
		};
/* End PBXVariantGroup section */

/* Begin XCBuildConfiguration section */
		F3D05407238D7196001CCB4B /* Debug */ = {
			isa = XCBuildConfiguration;
			buildSettings = {
				ALWAYS_SEARCH_USER_PATHS = NO;
				CLANG_ANALYZER_NONNULL = YES;
				CLANG_ANALYZER_NUMBER_OBJECT_CONVERSION = YES_AGGRESSIVE;
				CLANG_CXX_LANGUAGE_STANDARD = "gnu++14";
				CLANG_CXX_LIBRARY = "libc++";
				CLANG_ENABLE_MODULES = YES;
				CLANG_ENABLE_OBJC_ARC = YES;
				CLANG_ENABLE_OBJC_WEAK = YES;
				CLANG_WARN_BLOCK_CAPTURE_AUTORELEASING = YES;
				CLANG_WARN_BOOL_CONVERSION = YES;
				CLANG_WARN_COMMA = YES;
				CLANG_WARN_CONSTANT_CONVERSION = YES;
				CLANG_WARN_DEPRECATED_OBJC_IMPLEMENTATIONS = YES;
				CLANG_WARN_DIRECT_OBJC_ISA_USAGE = YES_ERROR;
				CLANG_WARN_DOCUMENTATION_COMMENTS = YES;
				CLANG_WARN_EMPTY_BODY = YES;
				CLANG_WARN_ENUM_CONVERSION = YES;
				CLANG_WARN_INFINITE_RECURSION = YES;
				CLANG_WARN_INT_CONVERSION = YES;
				CLANG_WARN_NON_LITERAL_NULL_CONVERSION = YES;
				CLANG_WARN_OBJC_IMPLICIT_RETAIN_SELF = YES;
				CLANG_WARN_OBJC_LITERAL_CONVERSION = YES;
				CLANG_WARN_OBJC_ROOT_CLASS = YES_ERROR;
				CLANG_WARN_RANGE_LOOP_ANALYSIS = YES;
				CLANG_WARN_STRICT_PROTOTYPES = YES;
				CLANG_WARN_SUSPICIOUS_MOVE = YES;
				CLANG_WARN_UNGUARDED_AVAILABILITY = YES_AGGRESSIVE;
				CLANG_WARN_UNREACHABLE_CODE = YES;
				CLANG_WARN__DUPLICATE_METHOD_MATCH = YES;
				COPY_PHASE_STRIP = NO;
				DEBUG_INFORMATION_FORMAT = dwarf;
				ENABLE_STRICT_OBJC_MSGSEND = YES;
				ENABLE_TESTABILITY = YES;
				GCC_C_LANGUAGE_STANDARD = gnu11;
				GCC_DYNAMIC_NO_PIC = NO;
				GCC_NO_COMMON_BLOCKS = YES;
				GCC_OPTIMIZATION_LEVEL = 0;
				GCC_PREPROCESSOR_DEFINITIONS = (
					"DEBUG=1",
					"$(inherited)",
				);
				GCC_WARN_64_TO_32_BIT_CONVERSION = YES;
				GCC_WARN_ABOUT_RETURN_TYPE = YES_ERROR;
				GCC_WARN_UNDECLARED_SELECTOR = YES;
				GCC_WARN_UNINITIALIZED_AUTOS = YES_AGGRESSIVE;
				GCC_WARN_UNUSED_FUNCTION = YES;
				GCC_WARN_UNUSED_VARIABLE = YES;
				IPHONEOS_DEPLOYMENT_TARGET = 10.3;
				MTL_ENABLE_DEBUG_INFO = INCLUDE_SOURCE;
				MTL_FAST_MATH = YES;
				ONLY_ACTIVE_ARCH = YES;
				SDKROOT = iphoneos;
				SWIFT_ACTIVE_COMPILATION_CONDITIONS = DEBUG;
				SWIFT_OPTIMIZATION_LEVEL = "-Onone";
			};
			name = Debug;
		};
		F3D05408238D7196001CCB4B /* Release */ = {
			isa = XCBuildConfiguration;
			buildSettings = {
				ALWAYS_SEARCH_USER_PATHS = NO;
				CLANG_ANALYZER_NONNULL = YES;
				CLANG_ANALYZER_NUMBER_OBJECT_CONVERSION = YES_AGGRESSIVE;
				CLANG_CXX_LANGUAGE_STANDARD = "gnu++14";
				CLANG_CXX_LIBRARY = "libc++";
				CLANG_ENABLE_MODULES = YES;
				CLANG_ENABLE_OBJC_ARC = YES;
				CLANG_ENABLE_OBJC_WEAK = YES;
				CLANG_WARN_BLOCK_CAPTURE_AUTORELEASING = YES;
				CLANG_WARN_BOOL_CONVERSION = YES;
				CLANG_WARN_COMMA = YES;
				CLANG_WARN_CONSTANT_CONVERSION = YES;
				CLANG_WARN_DEPRECATED_OBJC_IMPLEMENTATIONS = YES;
				CLANG_WARN_DIRECT_OBJC_ISA_USAGE = YES_ERROR;
				CLANG_WARN_DOCUMENTATION_COMMENTS = YES;
				CLANG_WARN_EMPTY_BODY = YES;
				CLANG_WARN_ENUM_CONVERSION = YES;
				CLANG_WARN_INFINITE_RECURSION = YES;
				CLANG_WARN_INT_CONVERSION = YES;
				CLANG_WARN_NON_LITERAL_NULL_CONVERSION = YES;
				CLANG_WARN_OBJC_IMPLICIT_RETAIN_SELF = YES;
				CLANG_WARN_OBJC_LITERAL_CONVERSION = YES;
				CLANG_WARN_OBJC_ROOT_CLASS = YES_ERROR;
				CLANG_WARN_RANGE_LOOP_ANALYSIS = YES;
				CLANG_WARN_STRICT_PROTOTYPES = YES;
				CLANG_WARN_SUSPICIOUS_MOVE = YES;
				CLANG_WARN_UNGUARDED_AVAILABILITY = YES_AGGRESSIVE;
				CLANG_WARN_UNREACHABLE_CODE = YES;
				CLANG_WARN__DUPLICATE_METHOD_MATCH = YES;
				COPY_PHASE_STRIP = NO;
				DEBUG_INFORMATION_FORMAT = "dwarf-with-dsym";
				ENABLE_NS_ASSERTIONS = NO;
				ENABLE_STRICT_OBJC_MSGSEND = YES;
				GCC_C_LANGUAGE_STANDARD = gnu11;
				GCC_NO_COMMON_BLOCKS = YES;
				GCC_WARN_64_TO_32_BIT_CONVERSION = YES;
				GCC_WARN_ABOUT_RETURN_TYPE = YES_ERROR;
				GCC_WARN_UNDECLARED_SELECTOR = YES;
				GCC_WARN_UNINITIALIZED_AUTOS = YES_AGGRESSIVE;
				GCC_WARN_UNUSED_FUNCTION = YES;
				GCC_WARN_UNUSED_VARIABLE = YES;
				IPHONEOS_DEPLOYMENT_TARGET = 10.3;
				MTL_ENABLE_DEBUG_INFO = NO;
				MTL_FAST_MATH = YES;
				SDKROOT = iphoneos;
				SWIFT_COMPILATION_MODE = wholemodule;
				SWIFT_OPTIMIZATION_LEVEL = "-O";
				VALIDATE_PRODUCT = YES;
			};
			name = Release;
		};
		F3D0540A238D7196001CCB4B /* Debug */ = {
			isa = XCBuildConfiguration;
			baseConfigurationReference = 82C6A7D27FCE84D4B426B9F0 /* Pods-CnnRssFeed.debug.xcconfig */;
			buildSettings = {
				ASSETCATALOG_COMPILER_APPICON_NAME = AppIcon;
				CODE_SIGN_STYLE = Automatic;
				DEVELOPMENT_TEAM = 8C82H4XZR6;
				INFOPLIST_FILE = CnnRssFeed/SupportingFiles/Info.plist;
				IPHONEOS_DEPLOYMENT_TARGET = 11.0;
				LD_RUNPATH_SEARCH_PATHS = (
					"$(inherited)",
					"@executable_path/Frameworks",
				);
				PRODUCT_BUNDLE_IDENTIFIER = P.CnnRssFeed;
				PRODUCT_NAME = "$(TARGET_NAME)";
				SWIFT_VERSION = 5.0;
				TARGETED_DEVICE_FAMILY = "1,2";
			};
			name = Debug;
		};
		F3D0540B238D7196001CCB4B /* Release */ = {
			isa = XCBuildConfiguration;
			baseConfigurationReference = 0FD1160C9F6AEB883B7B432E /* Pods-CnnRssFeed.release.xcconfig */;
			buildSettings = {
				ASSETCATALOG_COMPILER_APPICON_NAME = AppIcon;
				CODE_SIGN_STYLE = Automatic;
				DEVELOPMENT_TEAM = 8C82H4XZR6;
				INFOPLIST_FILE = CnnRssFeed/SupportingFiles/Info.plist;
				IPHONEOS_DEPLOYMENT_TARGET = 11.0;
				LD_RUNPATH_SEARCH_PATHS = (
					"$(inherited)",
					"@executable_path/Frameworks",
				);
				PRODUCT_BUNDLE_IDENTIFIER = P.CnnRssFeed;
				PRODUCT_NAME = "$(TARGET_NAME)";
				SWIFT_VERSION = 5.0;
				TARGETED_DEVICE_FAMILY = "1,2";
			};
			name = Release;
		};
/* End XCBuildConfiguration section */

/* Begin XCConfigurationList section */
		F3D053F0238D7194001CCB4B /* Build configuration list for PBXProject "CnnRssFeed" */ = {
			isa = XCConfigurationList;
			buildConfigurations = (
				F3D05407238D7196001CCB4B /* Debug */,
				F3D05408238D7196001CCB4B /* Release */,
			);
			defaultConfigurationIsVisible = 0;
			defaultConfigurationName = Release;
		};
		F3D05409238D7196001CCB4B /* Build configuration list for PBXNativeTarget "CnnRssFeed" */ = {
			isa = XCConfigurationList;
			buildConfigurations = (
				F3D0540A238D7196001CCB4B /* Debug */,
				F3D0540B238D7196001CCB4B /* Release */,
			);
			defaultConfigurationIsVisible = 0;
			defaultConfigurationName = Release;
		};
/* End XCConfigurationList section */

/* Begin XCVersionGroup section */
		F3F41D6723A16A58009D268F /* NewsModel.xcdatamodeld */ = {
			isa = XCVersionGroup;
			children = (
				F3F41D6823A16A58009D268F /* NewsModel.xcdatamodel */,
			);
			currentVersion = F3F41D6823A16A58009D268F /* NewsModel.xcdatamodel */;
			path = NewsModel.xcdatamodeld;
			sourceTree = "<group>";
			versionGroupType = wrapper.xcdatamodel;
		};
/* End XCVersionGroup section */
	};
	rootObject = F3D053ED238D7194001CCB4B /* Project object */;
}
